// !$*UTF8*$!
{
	archiveVersion = 1;
	classes = {
	};
	objectVersion = 48;
	objects = {

/* Begin PBXBuildFile section */
		0F059F4A207A699E0024A564 /* UIColor.swift in Sources */ = {isa = PBXBuildFile; fileRef = 0F059F49207A699E0024A564 /* UIColor.swift */; };
		0F0A22A82073D91200A408F2 /* Alert.swift in Sources */ = {isa = PBXBuildFile; fileRef = 0F0A22A72073D91200A408F2 /* Alert.swift */; };
		0F2149412062AD5600E657A9 /* LaunchScreen.storyboard in Resources */ = {isa = PBXBuildFile; fileRef = 0F2149402062AD5600E657A9 /* LaunchScreen.storyboard */; };
		0F568CF62059BBE900BD91FE /* regions_en.txt in Resources */ = {isa = PBXBuildFile; fileRef = 0F568CF42059BBE900BD91FE /* regions_en.txt */; };
		0F568CF72059BBE900BD91FE /* regions.txt in Resources */ = {isa = PBXBuildFile; fileRef = 0F568CF52059BBE900BD91FE /* regions.txt */; };
		0F568CF92059BD6E00BD91FE /* regions_for_use.txt in Resources */ = {isa = PBXBuildFile; fileRef = 0F568CF82059BD6E00BD91FE /* regions_for_use.txt */; };
		0F568CFB2059CCC300BD91FE /* CitiesTableViewController.swift in Sources */ = {isa = PBXBuildFile; fileRef = 0F568CFA2059CCC300BD91FE /* CitiesTableViewController.swift */; };
		0F5E716320791EA1005DF1EA /* MainViewViewModel.swift in Sources */ = {isa = PBXBuildFile; fileRef = 0F5E716220791EA1005DF1EA /* MainViewViewModel.swift */; };
		0F72AAB12055848600BEE91F /* MainViewController.swift in Sources */ = {isa = PBXBuildFile; fileRef = 0F72AAB02055848600BEE91F /* MainViewController.swift */; };
		0F72AAB32055852F00BEE91F /* Heating.swift in Sources */ = {isa = PBXBuildFile; fileRef = 0F72AAB22055852F00BEE91F /* Heating.swift */; };
		0F72AAB5205590AE00BEE91F /* RequestHeatingDataController.swift in Sources */ = {isa = PBXBuildFile; fileRef = 0F72AAB4205590AE00BEE91F /* RequestHeatingDataController.swift */; };
		0F967FDB20517F3D00AA3635 /* AppDelegate.swift in Sources */ = {isa = PBXBuildFile; fileRef = 0F967FDA20517F3D00AA3635 /* AppDelegate.swift */; };
		0F967FE020517F3D00AA3635 /* Main.storyboard in Resources */ = {isa = PBXBuildFile; fileRef = 0F967FDE20517F3D00AA3635 /* Main.storyboard */; };
		0F967FE220517F3D00AA3635 /* Assets.xcassets in Resources */ = {isa = PBXBuildFile; fileRef = 0F967FE120517F3D00AA3635 /* Assets.xcassets */; };
/* End PBXBuildFile section */

/* Begin PBXFileReference section */
		0F059F49207A699E0024A564 /* UIColor.swift */ = {isa = PBXFileReference; lastKnownFileType = sourcecode.swift; path = UIColor.swift; sourceTree = "<group>"; };
		0F0A22A72073D91200A408F2 /* Alert.swift */ = {isa = PBXFileReference; fileEncoding = 4; lastKnownFileType = sourcecode.swift; path = Alert.swift; sourceTree = "<group>"; };
		0F2149402062AD5600E657A9 /* LaunchScreen.storyboard */ = {isa = PBXFileReference; fileEncoding = 4; lastKnownFileType = file.storyboard; path = LaunchScreen.storyboard; sourceTree = "<group>"; };
		0F568CF42059BBE900BD91FE /* regions_en.txt */ = {isa = PBXFileReference; fileEncoding = 4; lastKnownFileType = text; path = regions_en.txt; sourceTree = "<group>"; };
		0F568CF52059BBE900BD91FE /* regions.txt */ = {isa = PBXFileReference; fileEncoding = 4; lastKnownFileType = text; path = regions.txt; sourceTree = "<group>"; };
		0F568CF82059BD6E00BD91FE /* regions_for_use.txt */ = {isa = PBXFileReference; fileEncoding = 4; lastKnownFileType = text; path = regions_for_use.txt; sourceTree = "<group>"; };
		0F568CFA2059CCC300BD91FE /* CitiesTableViewController.swift */ = {isa = PBXFileReference; lastKnownFileType = sourcecode.swift; path = CitiesTableViewController.swift; sourceTree = "<group>"; };
		0F5E716220791EA1005DF1EA /* MainViewViewModel.swift */ = {isa = PBXFileReference; lastKnownFileType = sourcecode.swift; path = MainViewViewModel.swift; sourceTree = "<group>"; };
		0F72AAB02055848600BEE91F /* MainViewController.swift */ = {isa = PBXFileReference; lastKnownFileType = sourcecode.swift; path = MainViewController.swift; sourceTree = "<group>"; };
		0F72AAB22055852F00BEE91F /* Heating.swift */ = {isa = PBXFileReference; lastKnownFileType = sourcecode.swift; path = Heating.swift; sourceTree = "<group>"; };
		0F72AAB4205590AE00BEE91F /* RequestHeatingDataController.swift */ = {isa = PBXFileReference; lastKnownFileType = sourcecode.swift; path = RequestHeatingDataController.swift; sourceTree = "<group>"; };
		0F967FD720517F3D00AA3635 /* KogdaTeplo.app */ = {isa = PBXFileReference; explicitFileType = wrapper.application; includeInIndex = 0; path = KogdaTeplo.app; sourceTree = BUILT_PRODUCTS_DIR; };
		0F967FDA20517F3D00AA3635 /* AppDelegate.swift */ = {isa = PBXFileReference; lastKnownFileType = sourcecode.swift; path = AppDelegate.swift; sourceTree = "<group>"; };
		0F967FDF20517F3D00AA3635 /* Base */ = {isa = PBXFileReference; lastKnownFileType = file.storyboard; name = Base; path = Base.lproj/Main.storyboard; sourceTree = "<group>"; };
		0F967FE120517F3D00AA3635 /* Assets.xcassets */ = {isa = PBXFileReference; lastKnownFileType = folder.assetcatalog; path = Assets.xcassets; sourceTree = "<group>"; };
		0F967FE620517F3D00AA3635 /* Info.plist */ = {isa = PBXFileReference; lastKnownFileType = text.plist.xml; path = Info.plist; sourceTree = "<group>"; };
/* End PBXFileReference section */

/* Begin PBXFrameworksBuildPhase section */
		0F967FD420517F3D00AA3635 /* Frameworks */ = {
			isa = PBXFrameworksBuildPhase;
			buildActionMask = 2147483647;
			files = (
			);
			runOnlyForDeploymentPostprocessing = 0;
		};
/* End PBXFrameworksBuildPhase section */

/* Begin PBXGroup section */
		0F36DE06205A84CA00DDAC67 /* Regions */ = {
			isa = PBXGroup;
			children = (
				0F568CF52059BBE900BD91FE /* regions.txt */,
				0F568CF82059BD6E00BD91FE /* regions_for_use.txt */,
				0F568CF42059BBE900BD91FE /* regions_en.txt */,
			);
			path = Regions;
			sourceTree = "<group>";
		};
		0F5E715920791CB6005DF1EA /* Main View Controller */ = {
			isa = PBXGroup;
			children = (
				0FC98314207B7D7700CEF730 /* Main View Controller */,
				0F5E716120791E84005DF1EA /* View Models */,
			);
			path = "Main View Controller";
			sourceTree = "<group>";
		};
		0F5E715A20791CD0005DF1EA /* Models */ = {
			isa = PBXGroup;
			children = (
				0F72AAB22055852F00BEE91F /* Heating.swift */,
			);
			path = Models;
			sourceTree = "<group>";
		};
		0F5E715B20791CE6005DF1EA /* App Delegate */ = {
			isa = PBXGroup;
			children = (
				0F967FDA20517F3D00AA3635 /* AppDelegate.swift */,
			);
			path = "App Delegate";
			sourceTree = "<group>";
		};
		0F5E715C20791D01005DF1EA /* Resources */ = {
			isa = PBXGroup;
			children = (
				0F36DE06205A84CA00DDAC67 /* Regions */,
				0F967FE120517F3D00AA3635 /* Assets.xcassets */,
			);
			path = Resources;
			sourceTree = "<group>";
		};
		0F5E715D20791D15005DF1EA /* Storyboards */ = {
			isa = PBXGroup;
			children = (
				0F967FDE20517F3D00AA3635 /* Main.storyboard */,
				0F2149402062AD5600E657A9 /* LaunchScreen.storyboard */,
			);
			path = Storyboards;
			sourceTree = "<group>";
		};
		0F5E715E20791D34005DF1EA /* Info */ = {
			isa = PBXGroup;
			children = (
				0F967FE620517F3D00AA3635 /* Info.plist */,
			);
			path = Info;
			sourceTree = "<group>";
		};
		0F5E715F20791D50005DF1EA /* Configuration */ = {
			isa = PBXGroup;
			children = (
				0F0A22A72073D91200A408F2 /* Alert.swift */,
				0F72AAB4205590AE00BEE91F /* RequestHeatingDataController.swift */,
				0F059F49207A699E0024A564 /* UIColor.swift */,
			);
			path = Configuration;
			sourceTree = "<group>";
		};
		0F5E716020791E1D005DF1EA /* Cities View Controller */ = {
			isa = PBXGroup;
			children = (
				0FC98315207B7D8C00CEF730 /* CitiesTableViewController */,
			);
			path = "Cities View Controller";
			sourceTree = "<group>";
		};
		0F5E716120791E84005DF1EA /* View Models */ = {
			isa = PBXGroup;
			children = (
				0F5E716220791EA1005DF1EA /* MainViewViewModel.swift */,
			);
			path = "View Models";
			sourceTree = "<group>";
		};
		0F967FCE20517F3D00AA3635 = {
			isa = PBXGroup;
			children = (
				0F967FD920517F3D00AA3635 /* KogdaTeplo */,
				0F967FD820517F3D00AA3635 /* Products */,
			);
			sourceTree = "<group>";
		};
		0F967FD820517F3D00AA3635 /* Products */ = {
			isa = PBXGroup;
			children = (
				0F967FD720517F3D00AA3635 /* KogdaTeplo.app */,
			);
			name = Products;
			sourceTree = "<group>";
		};
		0F967FD920517F3D00AA3635 /* KogdaTeplo */ = {
			isa = PBXGroup;
			children = (
				0F5E715B20791CE6005DF1EA /* App Delegate */,
				0FC98316207B7DA300CEF730 /* View Controllers */,
				0F5E715F20791D50005DF1EA /* Configuration */,
				0F5E715A20791CD0005DF1EA /* Models */,
				0F5E715D20791D15005DF1EA /* Storyboards */,
				0F5E715C20791D01005DF1EA /* Resources */,
				0F5E715E20791D34005DF1EA /* Info */,
			);
			path = KogdaTeplo;
			sourceTree = "<group>";
		};
		0FC98314207B7D7700CEF730 /* Main View Controller */ = {
			isa = PBXGroup;
			children = (
				0F72AAB02055848600BEE91F /* MainViewController.swift */,
			);
			path = "Main View Controller";
			sourceTree = "<group>";
		};
		0FC98315207B7D8C00CEF730 /* CitiesTableViewController */ = {
			isa = PBXGroup;
			children = (
				0F568CFA2059CCC300BD91FE /* CitiesTableViewController.swift */,
			);
			path = CitiesTableViewController;
			sourceTree = "<group>";
		};
		0FC98316207B7DA300CEF730 /* View Controllers */ = {
			isa = PBXGroup;
			children = (
				0F5E715920791CB6005DF1EA /* Main View Controller */,
				0F5E716020791E1D005DF1EA /* Cities View Controller */,
			);
			path = "View Controllers";
			sourceTree = "<group>";
		};
/* End PBXGroup section */

/* Begin PBXNativeTarget section */
		0F967FD620517F3D00AA3635 /* KogdaTeplo */ = {
			isa = PBXNativeTarget;
			buildConfigurationList = 0F967FE920517F3D00AA3635 /* Build configuration list for PBXNativeTarget "KogdaTeplo" */;
			buildPhases = (
				0F967FD320517F3D00AA3635 /* Sources */,
				0F967FD420517F3D00AA3635 /* Frameworks */,
				0F967FD520517F3D00AA3635 /* Resources */,
			);
			buildRules = (
			);
			dependencies = (
			);
			name = KogdaTeplo;
			productName = SpacePhotoJSONLesson;
			productReference = 0F967FD720517F3D00AA3635 /* KogdaTeplo.app */;
			productType = "com.apple.product-type.application";
		};
/* End PBXNativeTarget section */

/* Begin PBXProject section */
		0F967FCF20517F3D00AA3635 /* Project object */ = {
			isa = PBXProject;
			attributes = {
				LastSwiftUpdateCheck = 0920;
				LastUpgradeCheck = 0920;
				ORGANIZATIONNAME = "Julia Nikitina";
				TargetAttributes = {
					0F967FD620517F3D00AA3635 = {
						CreatedOnToolsVersion = 9.2;
						ProvisioningStyle = Automatic;
						SystemCapabilities = {
							com.apple.BackgroundModes = {
								enabled = 0;
							};
						};
					};
				};
			};
			buildConfigurationList = 0F967FD220517F3D00AA3635 /* Build configuration list for PBXProject "KogdaTeplo" */;
			compatibilityVersion = "Xcode 8.0";
			developmentRegion = en;
			hasScannedForEncodings = 0;
			knownRegions = (
				en,
				Base,
			);
			mainGroup = 0F967FCE20517F3D00AA3635;
			productRefGroup = 0F967FD820517F3D00AA3635 /* Products */;
			projectDirPath = "";
			projectRoot = "";
			targets = (
				0F967FD620517F3D00AA3635 /* KogdaTeplo */,
			);
		};
/* End PBXProject section */

/* Begin PBXResourcesBuildPhase section */
		0F967FD520517F3D00AA3635 /* Resources */ = {
			isa = PBXResourcesBuildPhase;
			buildActionMask = 2147483647;
			files = (
				0F568CF62059BBE900BD91FE /* regions_en.txt in Resources */,
				0F568CF72059BBE900BD91FE /* regions.txt in Resources */,
				0F967FE220517F3D00AA3635 /* Assets.xcassets in Resources */,
				0F2149412062AD5600E657A9 /* LaunchScreen.storyboard in Resources */,
				0F568CF92059BD6E00BD91FE /* regions_for_use.txt in Resources */,
				0F967FE020517F3D00AA3635 /* Main.storyboard in Resources */,
			);
			runOnlyForDeploymentPostprocessing = 0;
		};
/* End PBXResourcesBuildPhase section */

/* Begin PBXSourcesBuildPhase section */
		0F967FD320517F3D00AA3635 /* Sources */ = {
			isa = PBXSourcesBuildPhase;
			buildActionMask = 2147483647;
			files = (
				0F72AAB5205590AE00BEE91F /* RequestHeatingDataController.swift in Sources */,
				0F568CFB2059CCC300BD91FE /* CitiesTableViewController.swift in Sources */,
				0F5E716320791EA1005DF1EA /* MainViewViewModel.swift in Sources */,
				0F72AAB32055852F00BEE91F /* Heating.swift in Sources */,
				0F967FDB20517F3D00AA3635 /* AppDelegate.swift in Sources */,
				0F059F4A207A699E0024A564 /* UIColor.swift in Sources */,
				0F0A22A82073D91200A408F2 /* Alert.swift in Sources */,
				0F72AAB12055848600BEE91F /* MainViewController.swift in Sources */,
			);
			runOnlyForDeploymentPostprocessing = 0;
		};
/* End PBXSourcesBuildPhase section */

/* Begin PBXVariantGroup section */
		0F967FDE20517F3D00AA3635 /* Main.storyboard */ = {
			isa = PBXVariantGroup;
			children = (
				0F967FDF20517F3D00AA3635 /* Base */,
			);
			name = Main.storyboard;
			sourceTree = "<group>";
		};
/* End PBXVariantGroup section */

/* Begin XCBuildConfiguration section */
		0F967FE720517F3D00AA3635 /* Debug */ = {
			isa = XCBuildConfiguration;
			buildSettings = {
				ALWAYS_SEARCH_USER_PATHS = NO;
				CLANG_ANALYZER_NONNULL = YES;
				CLANG_ANALYZER_NUMBER_OBJECT_CONVERSION = YES_AGGRESSIVE;
				CLANG_CXX_LANGUAGE_STANDARD = "gnu++14";
				CLANG_CXX_LIBRARY = "libc++";
				CLANG_ENABLE_MODULES = YES;
				CLANG_ENABLE_OBJC_ARC = YES;
				CLANG_WARN_BLOCK_CAPTURE_AUTORELEASING = YES;
				CLANG_WARN_BOOL_CONVERSION = YES;
				CLANG_WARN_COMMA = YES;
				CLANG_WARN_CONSTANT_CONVERSION = YES;
				CLANG_WARN_DIRECT_OBJC_ISA_USAGE = YES_ERROR;
				CLANG_WARN_DOCUMENTATION_COMMENTS = YES;
				CLANG_WARN_EMPTY_BODY = YES;
				CLANG_WARN_ENUM_CONVERSION = YES;
				CLANG_WARN_INFINITE_RECURSION = YES;
				CLANG_WARN_INT_CONVERSION = YES;
				CLANG_WARN_NON_LITERAL_NULL_CONVERSION = YES;
				CLANG_WARN_OBJC_LITERAL_CONVERSION = YES;
				CLANG_WARN_OBJC_ROOT_CLASS = YES_ERROR;
				CLANG_WARN_RANGE_LOOP_ANALYSIS = YES;
				CLANG_WARN_STRICT_PROTOTYPES = YES;
				CLANG_WARN_SUSPICIOUS_MOVE = YES;
				CLANG_WARN_UNGUARDED_AVAILABILITY = YES_AGGRESSIVE;
				CLANG_WARN_UNREACHABLE_CODE = YES;
				CLANG_WARN__DUPLICATE_METHOD_MATCH = YES;
				CODE_SIGN_IDENTITY = "iPhone Developer";
				COPY_PHASE_STRIP = NO;
				DEBUG_INFORMATION_FORMAT = dwarf;
				ENABLE_STRICT_OBJC_MSGSEND = YES;
				ENABLE_TESTABILITY = YES;
				GCC_C_LANGUAGE_STANDARD = gnu11;
				GCC_DYNAMIC_NO_PIC = NO;
				GCC_NO_COMMON_BLOCKS = YES;
				GCC_OPTIMIZATION_LEVEL = 0;
				GCC_PREPROCESSOR_DEFINITIONS = (
					"DEBUG=1",
					"$(inherited)",
				);
				GCC_WARN_64_TO_32_BIT_CONVERSION = YES;
				GCC_WARN_ABOUT_RETURN_TYPE = YES_ERROR;
				GCC_WARN_UNDECLARED_SELECTOR = YES;
				GCC_WARN_UNINITIALIZED_AUTOS = YES_AGGRESSIVE;
				GCC_WARN_UNUSED_FUNCTION = YES;
				GCC_WARN_UNUSED_VARIABLE = YES;
				IPHONEOS_DEPLOYMENT_TARGET = 10.0;
				MTL_ENABLE_DEBUG_INFO = YES;
				ONLY_ACTIVE_ARCH = YES;
				SDKROOT = iphoneos;
				SWIFT_ACTIVE_COMPILATION_CONDITIONS = DEBUG;
				SWIFT_OPTIMIZATION_LEVEL = "-Onone";
			};
			name = Debug;
		};
		0F967FE820517F3D00AA3635 /* Release */ = {
			isa = XCBuildConfiguration;
			buildSettings = {
				ALWAYS_SEARCH_USER_PATHS = NO;
				CLANG_ANALYZER_NONNULL = YES;
				CLANG_ANALYZER_NUMBER_OBJECT_CONVERSION = YES_AGGRESSIVE;
				CLANG_CXX_LANGUAGE_STANDARD = "gnu++14";
				CLANG_CXX_LIBRARY = "libc++";
				CLANG_ENABLE_MODULES = YES;
				CLANG_ENABLE_OBJC_ARC = YES;
				CLANG_WARN_BLOCK_CAPTURE_AUTORELEASING = YES;
				CLANG_WARN_BOOL_CONVERSION = YES;
				CLANG_WARN_COMMA = YES;
				CLANG_WARN_CONSTANT_CONVERSION = YES;
				CLANG_WARN_DIRECT_OBJC_ISA_USAGE = YES_ERROR;
				CLANG_WARN_DOCUMENTATION_COMMENTS = YES;
				CLANG_WARN_EMPTY_BODY = YES;
				CLANG_WARN_ENUM_CONVERSION = YES;
				CLANG_WARN_INFINITE_RECURSION = YES;
				CLANG_WARN_INT_CONVERSION = YES;
				CLANG_WARN_NON_LITERAL_NULL_CONVERSION = YES;
				CLANG_WARN_OBJC_LITERAL_CONVERSION = YES;
				CLANG_WARN_OBJC_ROOT_CLASS = YES_ERROR;
				CLANG_WARN_RANGE_LOOP_ANALYSIS = YES;
				CLANG_WARN_STRICT_PROTOTYPES = YES;
				CLANG_WARN_SUSPICIOUS_MOVE = YES;
				CLANG_WARN_UNGUARDED_AVAILABILITY = YES_AGGRESSIVE;
				CLANG_WARN_UNREACHABLE_CODE = YES;
				CLANG_WARN__DUPLICATE_METHOD_MATCH = YES;
				CODE_SIGN_IDENTITY = "iPhone Developer";
				COPY_PHASE_STRIP = NO;
				DEBUG_INFORMATION_FORMAT = "dwarf-with-dsym";
				ENABLE_NS_ASSERTIONS = NO;
				ENABLE_STRICT_OBJC_MSGSEND = YES;
				GCC_C_LANGUAGE_STANDARD = gnu11;
				GCC_NO_COMMON_BLOCKS = YES;
				GCC_WARN_64_TO_32_BIT_CONVERSION = YES;
				GCC_WARN_ABOUT_RETURN_TYPE = YES_ERROR;
				GCC_WARN_UNDECLARED_SELECTOR = YES;
				GCC_WARN_UNINITIALIZED_AUTOS = YES_AGGRESSIVE;
				GCC_WARN_UNUSED_FUNCTION = YES;
				GCC_WARN_UNUSED_VARIABLE = YES;
				IPHONEOS_DEPLOYMENT_TARGET = 10.0;
				MTL_ENABLE_DEBUG_INFO = NO;
				SDKROOT = iphoneos;
				SWIFT_OPTIMIZATION_LEVEL = "-Owholemodule";
				VALIDATE_PRODUCT = YES;
			};
			name = Release;
		};
		0F967FEA20517F3D00AA3635 /* Debug */ = {
			isa = XCBuildConfiguration;
			buildSettings = {
				ASSETCATALOG_COMPILER_APPICON_NAME = AppIcon;
				CODE_SIGN_IDENTITY = "iPhone Developer: Julia Nikitina (364D98ZTP9)";
				"CODE_SIGN_IDENTITY[sdk=iphoneos*]" = "iPhone Developer";
				CODE_SIGN_STYLE = Automatic;
				DEVELOPMENT_TEAM = AH2JSYW82G;
				INFOPLIST_FILE = "$(SRCROOT)/KogdaTeplo/Info/Info.plist";
				IPHONEOS_DEPLOYMENT_TARGET = 10.0;
				LD_RUNPATH_SEARCH_PATHS = "$(inherited) @executable_path/Frameworks";
				PRODUCT_BUNDLE_IDENTIFIER = ru.kogdateplo.KogdaTeplo;
				PRODUCT_NAME = "$(TARGET_NAME)";
				PROVISIONING_PROFILE_SPECIFIER = "";
				SWIFT_VERSION = 4.0;
				TARGETED_DEVICE_FAMILY = 1;
			};
			name = Debug;
		};
		0F967FEB20517F3D00AA3635 /* Release */ = {
			isa = XCBuildConfiguration;
			buildSettings = {
				ASSETCATALOG_COMPILER_APPICON_NAME = AppIcon;
				CODE_SIGN_IDENTITY = "iPhone Developer: Julia Nikitina (364D98ZTP9)";
				"CODE_SIGN_IDENTITY[sdk=iphoneos*]" = "iPhone Developer";
				CODE_SIGN_STYLE = Automatic;
				DEVELOPMENT_TEAM = AH2JSYW82G;
				INFOPLIST_FILE = "$(SRCROOT)/KogdaTeplo/Info/Info.plist";
				IPHONEOS_DEPLOYMENT_TARGET = 10.0;
				LD_RUNPATH_SEARCH_PATHS = "$(inherited) @executable_path/Frameworks";
				PRODUCT_BUNDLE_IDENTIFIER = ru.kogdateplo.KogdaTeplo;
				PRODUCT_NAME = "$(TARGET_NAME)";
				PROVISIONING_PROFILE_SPECIFIER = "";
				SWIFT_VERSION = 4.0;
				TARGETED_DEVICE_FAMILY = 1;
			};
			name = Release;
		};
/* End XCBuildConfiguration section */

/* Begin XCConfigurationList section */
		0F967FD220517F3D00AA3635 /* Build configuration list for PBXProject "KogdaTeplo" */ = {
			isa = XCConfigurationList;
			buildConfigurations = (
				0F967FE720517F3D00AA3635 /* Debug */,
				0F967FE820517F3D00AA3635 /* Release */,
			);
			defaultConfigurationIsVisible = 0;
			defaultConfigurationName = Debug;
		};
		0F967FE920517F3D00AA3635 /* Build configuration list for PBXNativeTarget "KogdaTeplo" */ = {
			isa = XCConfigurationList;
			buildConfigurations = (
				0F967FEA20517F3D00AA3635 /* Debug */,
				0F967FEB20517F3D00AA3635 /* Release */,
			);
			defaultConfigurationIsVisible = 0;
			defaultConfigurationName = Debug;
		};
/* End XCConfigurationList section */
	};
	rootObject = 0F967FCF20517F3D00AA3635 /* Project object */;
}
